
Microsoft Visual Studio Solution File, Format Version 12.00
# Visual Studio 2013
VisualStudioVersion = 12.0.21005.1
MinimumVisualStudioVersion = 10.0.40219.1
Project("{FAE04EC0-301F-11D3-BF4B-00C04F79EFBC}") = "CustomerDetails", "CustomerDetails\CustomerDetails.csproj", "{2FA21C7C-5958-4416-A3A7-F6F0E126504F}"
EndProject
Project("{FAE04EC0-301F-11D3-BF4B-00C04F79EFBC}") = "CustomerDetails.Tests", "CustomerDetails.Tests\CustomerDetails.Tests.csproj", "{8885077F-63A3-44FC-A3D0-CAB7E4537753}"
EndProject
Global
	GlobalSection(SolutionConfigurationPlatforms) = preSolution
		Debug|Any CPU = Debug|Any CPU
		Release|Any CPU = Release|Any CPU
	EndGlobalSection
	GlobalSection(ProjectConfigurationPlatforms) = postSolution
		{2FA21C7C-5958-4416-A3A7-F6F0E126504F}.Debug|Any CPU.ActiveCfg = Debug|Any CPU
		{2FA21C7C-5958-4416-A3A7-F6F0E126504F}.Debug|Any CPU.Build.0 = Debug|Any CPU
		{2FA21C7C-5958-4416-A3A7-F6F0E126504F}.Release|Any CPU.ActiveCfg = Release|Any CPU
		{2FA21C7C-5958-4416-A3A7-F6F0E126504F}.Release|Any CPU.Build.0 = Release|Any CPU
		{8885077F-63A3-44FC-A3D0-CAB7E4537753}.Debug|Any CPU.ActiveCfg = Debug|Any CPU
		{8885077F-63A3-44FC-A3D0-CAB7E4537753}.Debug|Any CPU.Build.0 = Debug|Any CPU
		{8885077F-63A3-44FC-A3D0-CAB7E4537753}.Release|Any CPU.ActiveCfg = Release|Any CPU
		{8885077F-63A3-44FC-A3D0-CAB7E4537753}.Release|Any CPU.Build.0 = Release|Any CPU
	EndGlobalSection
	GlobalSection(SolutionProperties) = preSolution
		HideSolutionNode = FALSE
	EndGlobalSection
EndGlobal
